
Microsoft Visual Studio Solution File, Format Version 12.00
# Visual Studio Version 17
VisualStudioVersion = 17.5.33414.496
MinimumVisualStudioVersion = 10.0.40219.1
Project("{FAE04EC0-301F-11D3-BF4B-00C04F79EFBC}") = "FamilyRealtor", "FamilyRealtor\FamilyRealtor.csproj", "{4D44D4CC-D978-4D7E-BE93-5A1D34C17769}"
EndProject
Global
	GlobalSection(SolutionConfigurationPlatforms) = preSolution
		Debug|Any CPU = Debug|Any CPU
		Release|Any CPU = Release|Any CPU
	EndGlobalSection
	GlobalSection(ProjectConfigurationPlatforms) = postSolution
		{4D44D4CC-D978-4D7E-BE93-5A1D34C17769}.Debug|Any CPU.ActiveCfg = Debug|Any CPU
		{4D44D4CC-D978-4D7E-BE93-5A1D34C17769}.Debug|Any CPU.Build.0 = Debug|Any CPU
		{4D44D4CC-D978-4D7E-BE93-5A1D34C17769}.Release|Any CPU.ActiveCfg = Release|Any CPU
		{4D44D4CC-D978-4D7E-BE93-5A1D34C17769}.Release|Any CPU.Build.0 = Release|Any CPU
	EndGlobalSection
	GlobalSection(SolutionProperties) = preSolution
		HideSolutionNode = FALSE
	EndGlobalSection
	GlobalSection(ExtensibilityGlobals) = postSolution
		SolutionGuid = {19ABE0DE-C405-44DA-8C37-46A95132E479}
	EndGlobalSection
EndGlobal
